
Microsoft Visual Studio Solution File, Format Version 12.00
# Visual Studio 2013
VisualStudioVersion = 12.0.31101.0
MinimumVisualStudioVersion = 10.0.40219.1
Project("{8BC9CEB8-8B4A-11D0-8D11-00A0C91BC942}") = "DNN_HMM", "DNN_HMM\DNN_HMM.vcxproj", "{8B2A0899-66A2-4F56-BCE6-E12332766391}"
EndProject
Project("{FAE04EC0-301F-11D3-BF4B-00C04F79EFBC}") = "HDNNLib_Test", "HDNNLib_Test\HDNNLib_Test.csproj", "{E28B6B52-8B1E-467A-8D4B-5AEC69179D3C}"
EndProject
Project("{8BC9CEB8-8B4A-11D0-8D11-00A0C91BC942}") = "FeatureExtraction", "FeatureExtraction\FeatureExtraction.vcxproj", "{33C2833B-0A42-47B8-93E4-77A2436037E5}"
EndProject
Project("{8BC9CEB8-8B4A-11D0-8D11-00A0C91BC942}") = "F0Extraction", "F0Extraction\F0Extraction.vcxproj", "{7E43F9EC-9093-42A0-9B75-A5B830413BDD}"
EndProject
Project("{FAE04EC0-301F-11D3-BF4B-00C04F79EFBC}") = "IntelligentServices.Pronunciation.AlgorithmHelper", "AlgorithmHelper\IntelligentServices.Pronunciation.AlgorithmHelper.csproj", "{0644BB1F-30BF-40A2-9683-C91E1E4D1A1A}"
EndProject
Global
	GlobalSection(SolutionConfigurationPlatforms) = preSolution
		Debug|Any CPU = Debug|Any CPU
		Debug|Mixed Platforms = Debug|Mixed Platforms
		Debug|Win32 = Debug|Win32
		Debug|x64 = Debug|x64
		Debug|x86 = Debug|x86
		Release|Any CPU = Release|Any CPU
		Release|Mixed Platforms = Release|Mixed Platforms
		Release|Win32 = Release|Win32
		Release|x64 = Release|x64
		Release|x86 = Release|x86
	EndGlobalSection
	GlobalSection(ProjectConfigurationPlatforms) = postSolution
		{8B2A0899-66A2-4F56-BCE6-E12332766391}.Debug|Any CPU.ActiveCfg = Debug|Win32
		{8B2A0899-66A2-4F56-BCE6-E12332766391}.Debug|Mixed Platforms.ActiveCfg = Debug|Win32
		{8B2A0899-66A2-4F56-BCE6-E12332766391}.Debug|Mixed Platforms.Build.0 = Debug|Win32
		{8B2A0899-66A2-4F56-BCE6-E12332766391}.Debug|Win32.ActiveCfg = Debug|Win32
		{8B2A0899-66A2-4F56-BCE6-E12332766391}.Debug|Win32.Build.0 = Debug|Win32
		{8B2A0899-66A2-4F56-BCE6-E12332766391}.Debug|x64.ActiveCfg = Debug|x64
		{8B2A0899-66A2-4F56-BCE6-E12332766391}.Debug|x64.Build.0 = Debug|x64
		{8B2A0899-66A2-4F56-BCE6-E12332766391}.Debug|x86.ActiveCfg = Debug|Win32
		{8B2A0899-66A2-4F56-BCE6-E12332766391}.Debug|x86.Build.0 = Debug|Win32
		{8B2A0899-66A2-4F56-BCE6-E12332766391}.Release|Any CPU.ActiveCfg = Release|Win32
		{8B2A0899-66A2-4F56-BCE6-E12332766391}.Release|Mixed Platforms.ActiveCfg = Release|Win32
		{8B2A0899-66A2-4F56-BCE6-E12332766391}.Release|Mixed Platforms.Build.0 = Release|Win32
		{8B2A0899-66A2-4F56-BCE6-E12332766391}.Release|Win32.ActiveCfg = Release|Win32
		{8B2A0899-66A2-4F56-BCE6-E12332766391}.Release|Win32.Build.0 = Release|Win32
		{8B2A0899-66A2-4F56-BCE6-E12332766391}.Release|x64.ActiveCfg = Release|x64
		{8B2A0899-66A2-4F56-BCE6-E12332766391}.Release|x64.Build.0 = Release|x64
		{8B2A0899-66A2-4F56-BCE6-E12332766391}.Release|x86.ActiveCfg = Release|Win32
		{8B2A0899-66A2-4F56-BCE6-E12332766391}.Release|x86.Build.0 = Release|Win32
		{E28B6B52-8B1E-467A-8D4B-5AEC69179D3C}.Debug|Any CPU.ActiveCfg = Debug|Any CPU
		{E28B6B52-8B1E-467A-8D4B-5AEC69179D3C}.Debug|Any CPU.Build.0 = Debug|Any CPU
		{E28B6B52-8B1E-467A-8D4B-5AEC69179D3C}.Debug|Mixed Platforms.ActiveCfg = Debug|Any CPU
		{E28B6B52-8B1E-467A-8D4B-5AEC69179D3C}.Debug|Mixed Platforms.Build.0 = Debug|Any CPU
		{E28B6B52-8B1E-467A-8D4B-5AEC69179D3C}.Debug|Win32.ActiveCfg = Debug|Any CPU
		{E28B6B52-8B1E-467A-8D4B-5AEC69179D3C}.Debug|x64.ActiveCfg = Debug|x64
		{E28B6B52-8B1E-467A-8D4B-5AEC69179D3C}.Debug|x64.Build.0 = Debug|x64
		{E28B6B52-8B1E-467A-8D4B-5AEC69179D3C}.Debug|x86.ActiveCfg = Debug|Any CPU
		{E28B6B52-8B1E-467A-8D4B-5AEC69179D3C}.Release|Any CPU.ActiveCfg = Release|Any CPU
		{E28B6B52-8B1E-467A-8D4B-5AEC69179D3C}.Release|Any CPU.Build.0 = Release|Any CPU
		{E28B6B52-8B1E-467A-8D4B-5AEC69179D3C}.Release|Mixed Platforms.ActiveCfg = Release|Any CPU
		{E28B6B52-8B1E-467A-8D4B-5AEC69179D3C}.Release|Mixed Platforms.Build.0 = Release|Any CPU
		{E28B6B52-8B1E-467A-8D4B-5AEC69179D3C}.Release|Win32.ActiveCfg = Release|Any CPU
		{E28B6B52-8B1E-467A-8D4B-5AEC69179D3C}.Release|x64.ActiveCfg = Release|x64
		{E28B6B52-8B1E-467A-8D4B-5AEC69179D3C}.Release|x64.Build.0 = Release|x64
		{E28B6B52-8B1E-467A-8D4B-5AEC69179D3C}.Release|x86.ActiveCfg = Release|Any CPU
		{33C2833B-0A42-47B8-93E4-77A2436037E5}.Debug|Any CPU.ActiveCfg = Debug|Win32
		{33C2833B-0A42-47B8-93E4-77A2436037E5}.Debug|Mixed Platforms.ActiveCfg = Debug|Win32
		{33C2833B-0A42-47B8-93E4-77A2436037E5}.Debug|Mixed Platforms.Build.0 = Debug|Win32
		{33C2833B-0A42-47B8-93E4-77A2436037E5}.Debug|Win32.ActiveCfg = Debug|Win32
		{33C2833B-0A42-47B8-93E4-77A2436037E5}.Debug|Win32.Build.0 = Debug|Win32
		{33C2833B-0A42-47B8-93E4-77A2436037E5}.Debug|x64.ActiveCfg = Debug|x64
		{33C2833B-0A42-47B8-93E4-77A2436037E5}.Debug|x64.Build.0 = Debug|x64
		{33C2833B-0A42-47B8-93E4-77A2436037E5}.Debug|x86.ActiveCfg = Debug|Win32
		{33C2833B-0A42-47B8-93E4-77A2436037E5}.Debug|x86.Build.0 = Debug|Win32
		{33C2833B-0A42-47B8-93E4-77A2436037E5}.Release|Any CPU.ActiveCfg = Release|Win32
		{33C2833B-0A42-47B8-93E4-77A2436037E5}.Release|Mixed Platforms.ActiveCfg = Release|Win32
		{33C2833B-0A42-47B8-93E4-77A2436037E5}.Release|Mixed Platforms.Build.0 = Release|Win32
		{33C2833B-0A42-47B8-93E4-77A2436037E5}.Release|Win32.ActiveCfg = Release|Win32
		{33C2833B-0A42-47B8-93E4-77A2436037E5}.Release|Win32.Build.0 = Release|Win32
		{33C2833B-0A42-47B8-93E4-77A2436037E5}.Release|x64.ActiveCfg = Release|x64
		{33C2833B-0A42-47B8-93E4-77A2436037E5}.Release|x64.Build.0 = Release|x64
		{33C2833B-0A42-47B8-93E4-77A2436037E5}.Release|x86.ActiveCfg = Release|Win32
		{33C2833B-0A42-47B8-93E4-77A2436037E5}.Release|x86.Build.0 = Release|Win32
		{7E43F9EC-9093-42A0-9B75-A5B830413BDD}.Debug|Any CPU.ActiveCfg = Debug|Win32
		{7E43F9EC-9093-42A0-9B75-A5B830413BDD}.Debug|Mixed Platforms.ActiveCfg = Debug|Win32
		{7E43F9EC-9093-42A0-9B75-A5B830413BDD}.Debug|Mixed Platforms.Build.0 = Debug|Win32
		{7E43F9EC-9093-42A0-9B75-A5B830413BDD}.Debug|Win32.ActiveCfg = Debug|Win32
		{7E43F9EC-9093-42A0-9B75-A5B830413BDD}.Debug|Win32.Build.0 = Debug|Win32
		{7E43F9EC-9093-42A0-9B75-A5B830413BDD}.Debug|x64.ActiveCfg = Debug|x64
		{7E43F9EC-9093-42A0-9B75-A5B830413BDD}.Debug|x64.Build.0 = Debug|x64
		{7E43F9EC-9093-42A0-9B75-A5B830413BDD}.Debug|x86.ActiveCfg = Debug|Win32
		{7E43F9EC-9093-42A0-9B75-A5B830413BDD}.Debug|x86.Build.0 = Debug|Win32
		{7E43F9EC-9093-42A0-9B75-A5B830413BDD}.Release|Any CPU.ActiveCfg = Release|Win32
		{7E43F9EC-9093-42A0-9B75-A5B830413BDD}.Release|Mixed Platforms.ActiveCfg = Release|Win32
		{7E43F9EC-9093-42A0-9B75-A5B830413BDD}.Release|Mixed Platforms.Build.0 = Release|Win32
		{7E43F9EC-9093-42A0-9B75-A5B830413BDD}.Release|Win32.ActiveCfg = Release|Win32
		{7E43F9EC-9093-42A0-9B75-A5B830413BDD}.Release|Win32.Build.0 = Release|Win32
		{7E43F9EC-9093-42A0-9B75-A5B830413BDD}.Release|x64.ActiveCfg = Release|x64
		{7E43F9EC-9093-42A0-9B75-A5B830413BDD}.Release|x64.Build.0 = Release|x64
		{7E43F9EC-9093-42A0-9B75-A5B830413BDD}.Release|x86.ActiveCfg = Release|Win32
		{7E43F9EC-9093-42A0-9B75-A5B830413BDD}.Release|x86.Build.0 = Release|Win32
		{0644BB1F-30BF-40A2-9683-C91E1E4D1A1A}.Debug|Any CPU.ActiveCfg = Debug|Any CPU
		{0644BB1F-30BF-40A2-9683-C91E1E4D1A1A}.Debug|Any CPU.Build.0 = Debug|Any CPU
		{0644BB1F-30BF-40A2-9683-C91E1E4D1A1A}.Debug|Mixed Platforms.ActiveCfg = Debug|x86
		{0644BB1F-30BF-40A2-9683-C91E1E4D1A1A}.Debug|Mixed Platforms.Build.0 = Debug|x86
		{0644BB1F-30BF-40A2-9683-C91E1E4D1A1A}.Debug|Win32.ActiveCfg = Debug|x86
		{0644BB1F-30BF-40A2-9683-C91E1E4D1A1A}.Debug|Win32.Build.0 = Debug|x86
		{0644BB1F-30BF-40A2-9683-C91E1E4D1A1A}.Debug|x64.ActiveCfg = Debug|x64
		{0644BB1F-30BF-40A2-9683-C91E1E4D1A1A}.Debug|x64.Build.0 = Debug|x64
		{0644BB1F-30BF-40A2-9683-C91E1E4D1A1A}.Debug|x86.ActiveCfg = Debug|x86
		{0644BB1F-30BF-40A2-9683-C91E1E4D1A1A}.Debug|x86.Build.0 = Debug|x86
		{0644BB1F-30BF-40A2-9683-C91E1E4D1A1A}.Release|Any CPU.ActiveCfg = Release|Any CPU
		{0644BB1F-30BF-40A2-9683-C91E1E4D1A1A}.Release|Any CPU.Build.0 = Release|Any CPU
		{0644BB1F-30BF-40A2-9683-C91E1E4D1A1A}.Release|Mixed Platforms.ActiveCfg = Release|x86
		{0644BB1F-30BF-40A2-9683-C91E1E4D1A1A}.Release|Mixed Platforms.Build.0 = Release|x86
		{0644BB1F-30BF-40A2-9683-C91E1E4D1A1A}.Release|Win32.ActiveCfg = Release|x86
		{0644BB1F-30BF-40A2-9683-C91E1E4D1A1A}.Release|Win32.Build.0 = Release|x86
		{0644BB1F-30BF-40A2-9683-C91E1E4D1A1A}.Release|x64.ActiveCfg = Release|x64
		{0644BB1F-30BF-40A2-9683-C91E1E4D1A1A}.Release|x64.Build.0 = Release|x64
		{0644BB1F-30BF-40A2-9683-C91E1E4D1A1A}.Release|x86.ActiveCfg = Release|x86
		{0644BB1F-30BF-40A2-9683-C91E1E4D1A1A}.Release|x86.Build.0 = Release|x86
	EndGlobalSection
	GlobalSection(SolutionProperties) = preSolution
		HideSolutionNode = FALSE
	EndGlobalSection
EndGlobal
